{
  "name": "form-contract-workspace",
  "lockfileVersion": 3,
  "requires": true,
  "packages": {
    "": {
      "name": "form-contract-workspace",
      "workspaces": [
        "packages/*"
      ],
      "devDependencies": {
        "typescript": "^5.9.0",
        "zod": "^4.0.14"
      }
    },
    "node_modules/form-contract": {
      "resolved": "packages/spec",
      "link": true
    },
    "node_modules/form-contract-resolver-zod": {
      "resolved": "packages/resolver-zod",
      "link": true
    },
    "node_modules/typescript": {
      "version": "5.9.3",
      "resolved": "https://registry.npmjs.org/typescript/-/typescript-5.9.3.tgz",
      "integrity": "sha512-jl1vZzPDinLr9eUt3J/t7V6FgNEw9QjvBPdysz9KfQDD41fQrC2Y4vKQdiaUpFT4bXlb1RHhLpp8wtm6M5TgSw==",
      "dev": true,
      "bin": {
        "tsc": "bin/tsc",
        "tsserver": "bin/tsserver"
      },
      "engines": {
        "node": ">=14.17"
      }
    },
    "node_modules/zod": {
      "version": "4.6.1",
      "resolved": "https://registry.npmjs.org/zod/-/zod-4.6.1.tgz",
      "integrity": "sha512-341aRWQsve0rvronKNTqZpjmzdbUDlFuzHaI/XLg/Ej82qffDJRRfBTCuv7+9q/rMjB6LSLyEBnW4InJeMtt/Q==",
      "dev": true,
      "funding": {
        "url": "https://github.com/sponsors/colinhacks"
      }
    },
    "packages/resolver-zod": {
      "name": "form-contract-resolver-zod",
      "version": "0.1.0",
      "license": "MIT",
      "peerDependencies": {
        "form-contract": "^0.1.0"
      }
    },
    "packages/spec": {
      "name": "form-contract",
      "version": "0.1.0",
      "license": "MIT",
      "devDependencies": {
        "typescript": "^5.9.0"
      }
    }
  }
}
